
Microsoft Visual Studio Solution File, Format Version 12.00
# Visual Studio Version 17
VisualStudioVersion = 17.0.32014.148
MinimumVisualStudioVersion = 10.0.40219.1
Project("{FAE04EC0-301F-11D3-BF4B-00C04F79EFBC}") = "Auth0Api", "Auth0Api\Auth0Api.csproj", "{F06E6534-0613-4C8D-8B1A-8CD205743FC1}"
EndProject
Global
	GlobalSection(SolutionConfigurationPlatforms) = preSolution
		Debug|Any CPU = Debug|Any CPU
		Release|Any CPU = Release|Any CPU
	EndGlobalSection
	GlobalSection(ProjectConfigurationPlatforms) = postSolution
		{F06E6534-0613-4C8D-8B1A-8CD205743FC1}.Debug|Any CPU.ActiveCfg = Debug|Any CPU
		{F06E6534-0613-4C8D-8B1A-8CD205743FC1}.Debug|Any CPU.Build.0 = Debug|Any CPU
		{F06E6534-0613-4C8D-8B1A-8CD205743FC1}.Release|Any CPU.ActiveCfg = Release|Any CPU
		{F06E6534-0613-4C8D-8B1A-8CD205743FC1}.Release|Any CPU.Build.0 = Release|Any CPU
	EndGlobalSection
	GlobalSection(SolutionProperties) = preSolution
		HideSolutionNode = FALSE
	EndGlobalSection
	GlobalSection(ExtensibilityGlobals) = postSolution
		SolutionGuid = {6D0E818C-DC04-4DD1-9BA2-0A12823D43FA}
	EndGlobalSection
EndGlobal
